
Microsoft Visual Studio Solution File, Format Version 12.00
# Visual Studio 15
VisualStudioVersion = 15.0.27130.2027
MinimumVisualStudioVersion = 10.0.40219.1
Project("{FAE04EC0-301F-11D3-BF4B-00C04F79EFBC}") = "Employees.Common", "Employees.Common\Employees.Common.csproj", "{F9123751-5D85-4111-899E-8C66345F3999}"
EndProject
Project("{FAE04EC0-301F-11D3-BF4B-00C04F79EFBC}") = "Employees.Common.Tests", "Employees.Common.Tests\Employees.Common.Tests.csproj", "{FE792753-DE81-41A0-8C00-3BC8DDAF10EA}"
EndProject
Project("{FAE04EC0-301F-11D3-BF4B-00C04F79EFBC}") = "Employees.Entities", "Employees.Entities\Employees.Entities.csproj", "{28978E94-86D5-4FE4-AD89-1A349454577E}"
EndProject
Project("{FAE04EC0-301F-11D3-BF4B-00C04F79EFBC}") = "Employees.Data", "Employees.Data\Employees.Data.csproj", "{592C8B7C-C4CB-4140-BF05-44283A767960}"
EndProject
Project("{FAE04EC0-301F-11D3-BF4B-00C04F79EFBC}") = "Employees.Web", "Employees.Web\Employees.Web.csproj", "{1B624523-4CF2-4B2F-9045-C3BE2519C4C3}"
EndProject
Global
	GlobalSection(SolutionConfigurationPlatforms) = preSolution
		Debug|Any CPU = Debug|Any CPU
		Release|Any CPU = Release|Any CPU
	EndGlobalSection
	GlobalSection(ProjectConfigurationPlatforms) = postSolution
		{F9123751-5D85-4111-899E-8C66345F3999}.Debug|Any CPU.ActiveCfg = Debug|Any CPU
		{F9123751-5D85-4111-899E-8C66345F3999}.Debug|Any CPU.Build.0 = Debug|Any CPU
		{F9123751-5D85-4111-899E-8C66345F3999}.Release|Any CPU.ActiveCfg = Release|Any CPU
		{F9123751-5D85-4111-899E-8C66345F3999}.Release|Any CPU.Build.0 = Release|Any CPU
		{FE792753-DE81-41A0-8C00-3BC8DDAF10EA}.Debug|Any CPU.ActiveCfg = Debug|Any CPU
		{FE792753-DE81-41A0-8C00-3BC8DDAF10EA}.Debug|Any CPU.Build.0 = Debug|Any CPU
		{FE792753-DE81-41A0-8C00-3BC8DDAF10EA}.Release|Any CPU.ActiveCfg = Release|Any CPU
		{FE792753-DE81-41A0-8C00-3BC8DDAF10EA}.Release|Any CPU.Build.0 = Release|Any CPU
		{28978E94-86D5-4FE4-AD89-1A349454577E}.Debug|Any CPU.ActiveCfg = Debug|Any CPU
		{28978E94-86D5-4FE4-AD89-1A349454577E}.Debug|Any CPU.Build.0 = Debug|Any CPU
		{28978E94-86D5-4FE4-AD89-1A349454577E}.Release|Any CPU.ActiveCfg = Release|Any CPU
		{28978E94-86D5-4FE4-AD89-1A349454577E}.Release|Any CPU.Build.0 = Release|Any CPU
		{592C8B7C-C4CB-4140-BF05-44283A767960}.Debug|Any CPU.ActiveCfg = Debug|Any CPU
		{592C8B7C-C4CB-4140-BF05-44283A767960}.Debug|Any CPU.Build.0 = Debug|Any CPU
		{592C8B7C-C4CB-4140-BF05-44283A767960}.Release|Any CPU.ActiveCfg = Release|Any CPU
		{592C8B7C-C4CB-4140-BF05-44283A767960}.Release|Any CPU.Build.0 = Release|Any CPU
		{1B624523-4CF2-4B2F-9045-C3BE2519C4C3}.Debug|Any CPU.ActiveCfg = Debug|Any CPU
		{1B624523-4CF2-4B2F-9045-C3BE2519C4C3}.Debug|Any CPU.Build.0 = Debug|Any CPU
		{1B624523-4CF2-4B2F-9045-C3BE2519C4C3}.Release|Any CPU.ActiveCfg = Release|Any CPU
		{1B624523-4CF2-4B2F-9045-C3BE2519C4C3}.Release|Any CPU.Build.0 = Release|Any CPU
	EndGlobalSection
	GlobalSection(SolutionProperties) = preSolution
		HideSolutionNode = FALSE
	EndGlobalSection
	GlobalSection(ExtensibilityGlobals) = postSolution
		SolutionGuid = {7FB46BB4-F997-4BEE-855B-97C4B0CF1BAF}
	EndGlobalSection
EndGlobal
